
Microsoft Visual Studio Solution File, Format Version 12.00
Project("{FAE04EC0-301F-11D3-BF4B-00C04F79EFBC}") = "Presentation.Gui", "Presentation\Presentation.Gui\Presentation.Gui.csproj", "{FEDBEE05-8AA8-4B11-9CE2-1FBC1B312468}"
EndProject
Project("{F2A71F9B-5D33-465A-A702-920D77279786}") = "Utilities", "Utilities\Utilities.fsproj", "{EB04D38C-F17B-49D4-9ECE-886CD1E0E948}"
EndProject
Project("{2150E333-8FDC-42A3-9474-1A3956D46DE8}") = "_Tests", "_Tests", "{DFC9CE2F-1200-4C44-88C7-487D251D65DF}"
EndProject
Project("{F2A71F9B-5D33-465A-A702-920D77279786}") = "Utilities.Tests", "Tests\Utilities.Tests\Utilities.Tests.fsproj", "{8BC6D6BF-DAE9-45D3-A619-AA20292A0FF9}"
EndProject
Project("{FAE04EC0-301F-11D3-BF4B-00C04F79EFBC}") = "Presentation.Gui.Tests", "Tests\Presentation.Gui.Tests\Presentation.Gui.Tests.csproj", "{6348971A-F69B-48CB-A481-64D47FF7005D}"
EndProject
Project("{FAE04EC0-301F-11D3-BF4B-00C04F79EFBC}") = "Presentation.Frontend", "Presentation\Presentation.Frontend\Presentation.Frontend.csproj", "{0730A455-F9EC-4126-8335-57A07DCF2FF0}"
EndProject
Project("{F2A71F9B-5D33-465A-A702-920D77279786}") = "Main", "Main\Main.fsproj", "{12334259-ED39-41D3-8BA3-441977231BFA}"
EndProject
Project("{2150E333-8FDC-42A3-9474-1A3956D46DE8}") = "Core", "Core", "{528F0748-9282-466F-97DF-0D7E6A9C0A3D}"
EndProject
Project("{F2A71F9B-5D33-465A-A702-920D77279786}") = "Core.Domain", "Core\Core.Domain\Core.Domain.fsproj", "{657858A8-CD00-42F0-8472-45C7F52DC688}"
EndProject
Project("{F2A71F9B-5D33-465A-A702-920D77279786}") = "Core.PluginDefinitions", "Core\Core.PluginDefinitions\Core.PluginDefinitions.fsproj", "{881C1E06-48BA-4CC8-922E-A1FF21820E15}"
EndProject
Project("{F2A71F9B-5D33-465A-A702-920D77279786}") = "Shell.State", "Shell\Shell.State\Shell.State.fsproj", "{82CACD97-720C-4310-9D0B-08045813CD03}"
EndProject
Project("{F2A71F9B-5D33-465A-A702-920D77279786}") = "Shell.Plugins", "Shell\Shell.Plugins\Shell.Plugins.fsproj", "{3E6F3F64-FDB1-4E87-A1B7-F8215E6C2224}"
EndProject
Project("{2150E333-8FDC-42A3-9474-1A3956D46DE8}") = "Presentation", "Presentation", "{F239F010-7D45-43A6-AAFE-A54B6F25609C}"
EndProject
Project("{F2A71F9B-5D33-465A-A702-920D77279786}") = "Shell.Addons.Tests", "Tests\Shell.Addons.Tests\Shell.Addons.Tests.fsproj", "{426A76C1-6D87-4763-9A9C-0F166874A023}"
EndProject
Project("{F2A71F9B-5D33-465A-A702-920D77279786}") = "Shell.Addons", "Shell\Shell.Addons\Shell.Addons.fsproj", "{CC72A899-0788-4953-8496-BEE1EA5AA591}"
EndProject
Project("{F2A71F9B-5D33-465A-A702-920D77279786}") = "Shell.Plugins.Tests", "Tests\Shell.Plugins.Tests\Shell.Plugins.Tests.fsproj", "{669F4000-E943-42F2-ADCB-4333AF0BF961}"
EndProject
Project("{F2A71F9B-5D33-465A-A702-920D77279786}") = "Core.Domain.Tests", "Tests\Core.Domain.Tests\Core.Domain.Tests.fsproj", "{CC9D5D6D-27CC-4CEA-BF60-B75CC66C104E}"
EndProject
Project("{F2A71F9B-5D33-465A-A702-920D77279786}") = "TestHelpers", "Tests\TestHelpers\TestHelpers.fsproj", "{2FD5BF01-8592-41C9-90E5-0A5545D225AA}"
EndProject
Project("{F2A71F9B-5D33-465A-A702-920D77279786}") = "SystemTests", "Tests\SystemTests\SystemTests.fsproj", "{69478D29-9363-47D4-B9B4-7C33A353D48F}"
EndProject
Project("{2150E333-8FDC-42A3-9474-1A3956D46DE8}") = "Shell", "Shell", "{9D0D0497-F735-4D6B-B4D0-945D366C9953}"
EndProject
Project("{F2A71F9B-5D33-465A-A702-920D77279786}") = "Benchmark", "Tests\Benchmark\Benchmark.fsproj", "{109B3187-DE6E-467E-9AF2-41615C4CEC4C}"
EndProject
Global
	GlobalSection(SolutionConfigurationPlatforms) = preSolution
		Debug|Any CPU = Debug|Any CPU
		Release|Any CPU = Release|Any CPU
	EndGlobalSection
	GlobalSection(ProjectConfigurationPlatforms) = postSolution
		{FEDBEE05-8AA8-4B11-9CE2-1FBC1B312468}.Debug|Any CPU.ActiveCfg = Debug|Any CPU
		{FEDBEE05-8AA8-4B11-9CE2-1FBC1B312468}.Debug|Any CPU.Build.0 = Debug|Any CPU
		{FEDBEE05-8AA8-4B11-9CE2-1FBC1B312468}.Release|Any CPU.ActiveCfg = Release|Any CPU
		{FEDBEE05-8AA8-4B11-9CE2-1FBC1B312468}.Release|Any CPU.Build.0 = Release|Any CPU
		{EB04D38C-F17B-49D4-9ECE-886CD1E0E948}.Debug|Any CPU.ActiveCfg = Debug|Any CPU
		{EB04D38C-F17B-49D4-9ECE-886CD1E0E948}.Debug|Any CPU.Build.0 = Debug|Any CPU
		{EB04D38C-F17B-49D4-9ECE-886CD1E0E948}.Release|Any CPU.ActiveCfg = Release|Any CPU
		{EB04D38C-F17B-49D4-9ECE-886CD1E0E948}.Release|Any CPU.Build.0 = Release|Any CPU
		{8BC6D6BF-DAE9-45D3-A619-AA20292A0FF9}.Debug|Any CPU.ActiveCfg = Debug|Any CPU
		{8BC6D6BF-DAE9-45D3-A619-AA20292A0FF9}.Debug|Any CPU.Build.0 = Debug|Any CPU
		{8BC6D6BF-DAE9-45D3-A619-AA20292A0FF9}.Release|Any CPU.ActiveCfg = Release|Any CPU
		{8BC6D6BF-DAE9-45D3-A619-AA20292A0FF9}.Release|Any CPU.Build.0 = Release|Any CPU
		{6348971A-F69B-48CB-A481-64D47FF7005D}.Debug|Any CPU.ActiveCfg = Debug|Any CPU
		{6348971A-F69B-48CB-A481-64D47FF7005D}.Debug|Any CPU.Build.0 = Debug|Any CPU
		{6348971A-F69B-48CB-A481-64D47FF7005D}.Release|Any CPU.ActiveCfg = Release|Any CPU
		{6348971A-F69B-48CB-A481-64D47FF7005D}.Release|Any CPU.Build.0 = Release|Any CPU
		{0730A455-F9EC-4126-8335-57A07DCF2FF0}.Debug|Any CPU.ActiveCfg = Debug|Any CPU
		{0730A455-F9EC-4126-8335-57A07DCF2FF0}.Debug|Any CPU.Build.0 = Debug|Any CPU
		{0730A455-F9EC-4126-8335-57A07DCF2FF0}.Release|Any CPU.ActiveCfg = Release|Any CPU
		{0730A455-F9EC-4126-8335-57A07DCF2FF0}.Release|Any CPU.Build.0 = Release|Any CPU
		{12334259-ED39-41D3-8BA3-441977231BFA}.Debug|Any CPU.ActiveCfg = Debug|Any CPU
		{12334259-ED39-41D3-8BA3-441977231BFA}.Debug|Any CPU.Build.0 = Debug|Any CPU
		{12334259-ED39-41D3-8BA3-441977231BFA}.Release|Any CPU.ActiveCfg = Release|Any CPU
		{12334259-ED39-41D3-8BA3-441977231BFA}.Release|Any CPU.Build.0 = Release|Any CPU
		{657858A8-CD00-42F0-8472-45C7F52DC688}.Debug|Any CPU.ActiveCfg = Debug|Any CPU
		{657858A8-CD00-42F0-8472-45C7F52DC688}.Debug|Any CPU.Build.0 = Debug|Any CPU
		{657858A8-CD00-42F0-8472-45C7F52DC688}.Release|Any CPU.ActiveCfg = Release|Any CPU
		{657858A8-CD00-42F0-8472-45C7F52DC688}.Release|Any CPU.Build.0 = Release|Any CPU
		{881C1E06-48BA-4CC8-922E-A1FF21820E15}.Debug|Any CPU.ActiveCfg = Debug|Any CPU
		{881C1E06-48BA-4CC8-922E-A1FF21820E15}.Debug|Any CPU.Build.0 = Debug|Any CPU
		{881C1E06-48BA-4CC8-922E-A1FF21820E15}.Release|Any CPU.ActiveCfg = Release|Any CPU
		{881C1E06-48BA-4CC8-922E-A1FF21820E15}.Release|Any CPU.Build.0 = Release|Any CPU
		{82CACD97-720C-4310-9D0B-08045813CD03}.Debug|Any CPU.ActiveCfg = Debug|Any CPU
		{82CACD97-720C-4310-9D0B-08045813CD03}.Debug|Any CPU.Build.0 = Debug|Any CPU
		{82CACD97-720C-4310-9D0B-08045813CD03}.Release|Any CPU.ActiveCfg = Release|Any CPU
		{82CACD97-720C-4310-9D0B-08045813CD03}.Release|Any CPU.Build.0 = Release|Any CPU
		{3E6F3F64-FDB1-4E87-A1B7-F8215E6C2224}.Debug|Any CPU.ActiveCfg = Debug|Any CPU
		{3E6F3F64-FDB1-4E87-A1B7-F8215E6C2224}.Debug|Any CPU.Build.0 = Debug|Any CPU
		{3E6F3F64-FDB1-4E87-A1B7-F8215E6C2224}.Release|Any CPU.ActiveCfg = Release|Any CPU
		{3E6F3F64-FDB1-4E87-A1B7-F8215E6C2224}.Release|Any CPU.Build.0 = Release|Any CPU
		{426A76C1-6D87-4763-9A9C-0F166874A023}.Debug|Any CPU.ActiveCfg = Debug|Any CPU
		{426A76C1-6D87-4763-9A9C-0F166874A023}.Debug|Any CPU.Build.0 = Debug|Any CPU
		{426A76C1-6D87-4763-9A9C-0F166874A023}.Release|Any CPU.ActiveCfg = Release|Any CPU
		{426A76C1-6D87-4763-9A9C-0F166874A023}.Release|Any CPU.Build.0 = Release|Any CPU
		{CC72A899-0788-4953-8496-BEE1EA5AA591}.Debug|Any CPU.ActiveCfg = Debug|Any CPU
		{CC72A899-0788-4953-8496-BEE1EA5AA591}.Debug|Any CPU.Build.0 = Debug|Any CPU
		{CC72A899-0788-4953-8496-BEE1EA5AA591}.Release|Any CPU.ActiveCfg = Release|Any CPU
		{CC72A899-0788-4953-8496-BEE1EA5AA591}.Release|Any CPU.Build.0 = Release|Any CPU
		{669F4000-E943-42F2-ADCB-4333AF0BF961}.Debug|Any CPU.ActiveCfg = Debug|Any CPU
		{669F4000-E943-42F2-ADCB-4333AF0BF961}.Debug|Any CPU.Build.0 = Debug|Any CPU
		{669F4000-E943-42F2-ADCB-4333AF0BF961}.Release|Any CPU.ActiveCfg = Release|Any CPU
		{669F4000-E943-42F2-ADCB-4333AF0BF961}.Release|Any CPU.Build.0 = Release|Any CPU
		{CC9D5D6D-27CC-4CEA-BF60-B75CC66C104E}.Debug|Any CPU.ActiveCfg = Debug|Any CPU
		{CC9D5D6D-27CC-4CEA-BF60-B75CC66C104E}.Debug|Any CPU.Build.0 = Debug|Any CPU
		{CC9D5D6D-27CC-4CEA-BF60-B75CC66C104E}.Release|Any CPU.ActiveCfg = Release|Any CPU
		{CC9D5D6D-27CC-4CEA-BF60-B75CC66C104E}.Release|Any CPU.Build.0 = Release|Any CPU
		{2FD5BF01-8592-41C9-90E5-0A5545D225AA}.Debug|Any CPU.ActiveCfg = Debug|Any CPU
		{2FD5BF01-8592-41C9-90E5-0A5545D225AA}.Debug|Any CPU.Build.0 = Debug|Any CPU
		{2FD5BF01-8592-41C9-90E5-0A5545D225AA}.Release|Any CPU.ActiveCfg = Release|Any CPU
		{2FD5BF01-8592-41C9-90E5-0A5545D225AA}.Release|Any CPU.Build.0 = Release|Any CPU
		{69478D29-9363-47D4-B9B4-7C33A353D48F}.Debug|Any CPU.ActiveCfg = Debug|Any CPU
		{69478D29-9363-47D4-B9B4-7C33A353D48F}.Debug|Any CPU.Build.0 = Debug|Any CPU
		{69478D29-9363-47D4-B9B4-7C33A353D48F}.Release|Any CPU.ActiveCfg = Release|Any CPU
		{69478D29-9363-47D4-B9B4-7C33A353D48F}.Release|Any CPU.Build.0 = Release|Any CPU
		{109B3187-DE6E-467E-9AF2-41615C4CEC4C}.Debug|Any CPU.ActiveCfg = Debug|Any CPU
		{109B3187-DE6E-467E-9AF2-41615C4CEC4C}.Debug|Any CPU.Build.0 = Debug|Any CPU
		{109B3187-DE6E-467E-9AF2-41615C4CEC4C}.Release|Any CPU.ActiveCfg = Release|Any CPU
		{109B3187-DE6E-467E-9AF2-41615C4CEC4C}.Release|Any CPU.Build.0 = Release|Any CPU
	EndGlobalSection
	GlobalSection(NestedProjects) = preSolution
		{8BC6D6BF-DAE9-45D3-A619-AA20292A0FF9} = {DFC9CE2F-1200-4C44-88C7-487D251D65DF}
		{6348971A-F69B-48CB-A481-64D47FF7005D} = {DFC9CE2F-1200-4C44-88C7-487D251D65DF}
		{657858A8-CD00-42F0-8472-45C7F52DC688} = {528F0748-9282-466F-97DF-0D7E6A9C0A3D}
		{881C1E06-48BA-4CC8-922E-A1FF21820E15} = {528F0748-9282-466F-97DF-0D7E6A9C0A3D}
		{0730A455-F9EC-4126-8335-57A07DCF2FF0} = {F239F010-7D45-43A6-AAFE-A54B6F25609C}
		{FEDBEE05-8AA8-4B11-9CE2-1FBC1B312468} = {F239F010-7D45-43A6-AAFE-A54B6F25609C}
		{426A76C1-6D87-4763-9A9C-0F166874A023} = {DFC9CE2F-1200-4C44-88C7-487D251D65DF}
		{669F4000-E943-42F2-ADCB-4333AF0BF961} = {DFC9CE2F-1200-4C44-88C7-487D251D65DF}
		{CC9D5D6D-27CC-4CEA-BF60-B75CC66C104E} = {DFC9CE2F-1200-4C44-88C7-487D251D65DF}
		{2FD5BF01-8592-41C9-90E5-0A5545D225AA} = {DFC9CE2F-1200-4C44-88C7-487D251D65DF}
		{69478D29-9363-47D4-B9B4-7C33A353D48F} = {DFC9CE2F-1200-4C44-88C7-487D251D65DF}
		{CC72A899-0788-4953-8496-BEE1EA5AA591} = {9D0D0497-F735-4D6B-B4D0-945D366C9953}
		{3E6F3F64-FDB1-4E87-A1B7-F8215E6C2224} = {9D0D0497-F735-4D6B-B4D0-945D366C9953}
		{82CACD97-720C-4310-9D0B-08045813CD03} = {9D0D0497-F735-4D6B-B4D0-945D366C9953}
		{109B3187-DE6E-467E-9AF2-41615C4CEC4C} = {DFC9CE2F-1200-4C44-88C7-487D251D65DF}
	EndGlobalSection
EndGlobal
